
Microsoft Visual Studio Solution File, Format Version 12.00
# Visual Studio 15
VisualStudioVersion = 15.0.27428.2015
MinimumVisualStudioVersion = 10.0.40219.1
Project("{9092AA53-FB77-4645-B42D-1CCCA6BD08BD}") = "sigmapool", "sigmapool.njsproj", "{A0773E62-E1A4-4BD7-B7C7-2509A8DDFA76}"
EndProject
Global
	GlobalSection(SolutionConfigurationPlatforms) = preSolution
		Debug|Any CPU = Debug|Any CPU
		Release|Any CPU = Release|Any CPU
	EndGlobalSection
	GlobalSection(ProjectConfigurationPlatforms) = postSolution
		{A0773E62-E1A4-4BD7-B7C7-2509A8DDFA76}.Debug|Any CPU.ActiveCfg = Debug|Any CPU
		{A0773E62-E1A4-4BD7-B7C7-2509A8DDFA76}.Debug|Any CPU.Build.0 = Debug|Any CPU
		{A0773E62-E1A4-4BD7-B7C7-2509A8DDFA76}.Release|Any CPU.ActiveCfg = Release|Any CPU
		{A0773E62-E1A4-4BD7-B7C7-2509A8DDFA76}.Release|Any CPU.Build.0 = Release|Any CPU
	EndGlobalSection
	GlobalSection(SolutionProperties) = preSolution
		HideSolutionNode = FALSE
	EndGlobalSection
	GlobalSection(ExtensibilityGlobals) = postSolution
		SolutionGuid = {2BFB0A52-7F2F-4441-B029-0C1E5BCA4FC5}
	EndGlobalSection
EndGlobal
